
Microsoft Visual Studio Solution File, Format Version 12.00
# Visual Studio 15
VisualStudioVersion = 15.0.27428.2005
MinimumVisualStudioVersion = 10.0.40219.1
Project("{FAE04EC0-301F-11D3-BF4B-00C04F79EFBC}") = "Airdropper", "Airdropper\Airdropper.csproj", "{A3C0D779-4811-4EA7-923A-92F245280D9E}"
EndProject
Project("{9A19103F-16F7-4668-BE54-9A1E7A4F7556}") = "Neo.Lux", "..\..\Neo.Lux\Neo.Lux.csproj", "{30140276-907F-4A1E-A937-823FA1E72F17}"
EndProject
Global
	GlobalSection(SolutionConfigurationPlatforms) = preSolution
		Debug|Any CPU = Debug|Any CPU
		Release|Any CPU = Release|Any CPU
	EndGlobalSection
	GlobalSection(ProjectConfigurationPlatforms) = postSolution
		{A3C0D779-4811-4EA7-923A-92F245280D9E}.Debug|Any CPU.ActiveCfg = Debug|Any CPU
		{A3C0D779-4811-4EA7-923A-92F245280D9E}.Debug|Any CPU.Build.0 = Debug|Any CPU
		{A3C0D779-4811-4EA7-923A-92F245280D9E}.Release|Any CPU.ActiveCfg = Release|Any CPU
		{A3C0D779-4811-4EA7-923A-92F245280D9E}.Release|Any CPU.Build.0 = Release|Any CPU
		{30140276-907F-4A1E-A937-823FA1E72F17}.Debug|Any CPU.ActiveCfg = Debug|Any CPU
		{30140276-907F-4A1E-A937-823FA1E72F17}.Debug|Any CPU.Build.0 = Debug|Any CPU
		{30140276-907F-4A1E-A937-823FA1E72F17}.Release|Any CPU.ActiveCfg = Release|Any CPU
		{30140276-907F-4A1E-A937-823FA1E72F17}.Release|Any CPU.Build.0 = Release|Any CPU
	EndGlobalSection
	GlobalSection(SolutionProperties) = preSolution
		HideSolutionNode = FALSE
	EndGlobalSection
	GlobalSection(ExtensibilityGlobals) = postSolution
		SolutionGuid = {F928E0BF-CADB-4059-9BDB-5530D330DBE6}
	EndGlobalSection
EndGlobal
